
Microsoft Visual Studio Solution File, Format Version 12.00
# Visual Studio Version 16
VisualStudioVersion = 16.0.30413.136
MinimumVisualStudioVersion = 10.0.40219.1
Project("{FAE04EC0-301F-11D3-BF4B-00C04F79EFBC}") = "Websitebanhang", "Websitebanhang\Websitebanhang.csproj", "{BF17B056-C4F4-4C67-A8F7-B3AE3CEDFDE7}"
EndProject
Global
	GlobalSection(SolutionConfigurationPlatforms) = preSolution
		Debug|Any CPU = Debug|Any CPU
		Release|Any CPU = Release|Any CPU
	EndGlobalSection
	GlobalSection(ProjectConfigurationPlatforms) = postSolution
		{BF17B056-C4F4-4C67-A8F7-B3AE3CEDFDE7}.Debug|Any CPU.ActiveCfg = Debug|Any CPU
		{BF17B056-C4F4-4C67-A8F7-B3AE3CEDFDE7}.Debug|Any CPU.Build.0 = Debug|Any CPU
		{BF17B056-C4F4-4C67-A8F7-B3AE3CEDFDE7}.Release|Any CPU.ActiveCfg = Release|Any CPU
		{BF17B056-C4F4-4C67-A8F7-B3AE3CEDFDE7}.Release|Any CPU.Build.0 = Release|Any CPU
	EndGlobalSection
	GlobalSection(SolutionProperties) = preSolution
		HideSolutionNode = FALSE
	EndGlobalSection
	GlobalSection(ExtensibilityGlobals) = postSolution
		SolutionGuid = {88FC5849-1A40-4DE1-AF28-1363963BDB59}
	EndGlobalSection
EndGlobal
